
Microsoft Visual Studio Solution File, Format Version 12.00
# Visual Studio Version 16
VisualStudioVersion = 16.0.29209.62
MinimumVisualStudioVersion = 10.0.40219.1
Project("{D954291E-2A0B-460D-934E-DC6B0785DB48}") = "UnoXpoDemo.Shared", "UnoXpoDemo\UnoXpoDemo.Shared\UnoXpoDemo.Shared.shproj", "{6279C845-92F8-4333-AB99-3D213163593C}"
EndProject
Project("{FAE04EC0-301F-11D3-BF4B-00C04F79EFBC}") = "UnoXpoDemo.Droid", "UnoXpoDemo\UnoXpoDemo.Droid\UnoXpoDemo.Droid.csproj", "{DFF1830F-F6EF-43E5-AE37-C220286F0EC5}"
EndProject
Project("{FAE04EC0-301F-11D3-BF4B-00C04F79EFBC}") = "UnoXpoDemo.iOS", "UnoXpoDemo\UnoXpoDemo.iOS\UnoXpoDemo.iOS.csproj", "{2AC1E7AE-2D5E-47AD-9FC6-91AB10EB8AE2}"
EndProject
Project("{FAE04EC0-301F-11D3-BF4B-00C04F79EFBC}") = "UnoXpoDemo.UWP", "UnoXpoDemo\UnoXpoDemo.UWP\UnoXpoDemo.UWP.csproj", "{8E1F4ABF-BB89-4BAC-B45E-90914556591F}"
EndProject
Project("{9A19103F-16F7-4668-BE54-9A1E7A4F7556}") = "UnoXpoDemo.Wasm", "UnoXpoDemo\UnoXpoDemo.Wasm\UnoXpoDemo.Wasm.csproj", "{8497B4DA-F77C-4C34-823F-287070B63753}"
EndProject
Global
	GlobalSection(SharedMSBuildProjectFiles) = preSolution
		UnoXpoDemo\UnoXpoDemo.Shared\UnoXpoDemo.Shared.projitems*{2ac1e7ae-2d5e-47ad-9fc6-91ab10eb8ae2}*SharedItemsImports = 4
		UnoXpoDemo\UnoXpoDemo.Shared\UnoXpoDemo.Shared.projitems*{6279c845-92f8-4333-ab99-3d213163593c}*SharedItemsImports = 13
		UnoXpoDemo\UnoXpoDemo.Shared\UnoXpoDemo.Shared.projitems*{8e1f4abf-bb89-4bac-b45e-90914556591f}*SharedItemsImports = 4
		UnoXpoDemo\UnoXpoDemo.Shared\UnoXpoDemo.Shared.projitems*{dff1830f-f6ef-43e5-ae37-c220286f0ec5}*SharedItemsImports = 4
	EndGlobalSection
	GlobalSection(SolutionConfigurationPlatforms) = preSolution
		Ad-Hoc|Any CPU = Ad-Hoc|Any CPU
		Ad-Hoc|ARM = Ad-Hoc|ARM
		Ad-Hoc|iPhone = Ad-Hoc|iPhone
		Ad-Hoc|iPhoneSimulator = Ad-Hoc|iPhoneSimulator
		Ad-Hoc|x64 = Ad-Hoc|x64
		Ad-Hoc|x86 = Ad-Hoc|x86
		AppStore|Any CPU = AppStore|Any CPU
		AppStore|ARM = AppStore|ARM
		AppStore|iPhone = AppStore|iPhone
		AppStore|iPhoneSimulator = AppStore|iPhoneSimulator
		AppStore|x64 = AppStore|x64
		AppStore|x86 = AppStore|x86
		Debug|Any CPU = Debug|Any CPU
		Debug|ARM = Debug|ARM
		Debug|iPhone = Debug|iPhone
		Debug|iPhoneSimulator = Debug|iPhoneSimulator
		Debug|x64 = Debug|x64
		Debug|x86 = Debug|x86
		Release|Any CPU = Release|Any CPU
		Release|ARM = Release|ARM
		Release|iPhone = Release|iPhone
		Release|iPhoneSimulator = Release|iPhoneSimulator
		Release|x64 = Release|x64
		Release|x86 = Release|x86
	EndGlobalSection
	GlobalSection(ProjectConfigurationPlatforms) = postSolution
		{DFF1830F-F6EF-43E5-AE37-C220286F0EC5}.Ad-Hoc|Any CPU.ActiveCfg = Release|Any CPU
		{DFF1830F-F6EF-43E5-AE37-C220286F0EC5}.Ad-Hoc|Any CPU.Build.0 = Release|Any CPU
		{DFF1830F-F6EF-43E5-AE37-C220286F0EC5}.Ad-Hoc|Any CPU.Deploy.0 = Release|Any CPU
		{DFF1830F-F6EF-43E5-AE37-C220286F0EC5}.Ad-Hoc|ARM.ActiveCfg = Release|Any CPU
		{DFF1830F-F6EF-43E5-AE37-C220286F0EC5}.Ad-Hoc|ARM.Build.0 = Release|Any CPU
		{DFF1830F-F6EF-43E5-AE37-C220286F0EC5}.Ad-Hoc|ARM.Deploy.0 = Release|Any CPU
		{DFF1830F-F6EF-43E5-AE37-C220286F0EC5}.Ad-Hoc|iPhone.ActiveCfg = Release|Any CPU
		{DFF1830F-F6EF-43E5-AE37-C220286F0EC5}.Ad-Hoc|iPhone.Build.0 = Release|Any CPU
		{DFF1830F-F6EF-43E5-AE37-C220286F0EC5}.Ad-Hoc|iPhone.Deploy.0 = Release|Any CPU
		{DFF1830F-F6EF-43E5-AE37-C220286F0EC5}.Ad-Hoc|iPhoneSimulator.ActiveCfg = Release|Any CPU
		{DFF1830F-F6EF-43E5-AE37-C220286F0EC5}.Ad-Hoc|iPhoneSimulator.Build.0 = Release|Any CPU
		{DFF1830F-F6EF-43E5-AE37-C220286F0EC5}.Ad-Hoc|iPhoneSimulator.Deploy.0 = Release|Any CPU
		{DFF1830F-F6EF-43E5-AE37-C220286F0EC5}.Ad-Hoc|x64.ActiveCfg = Release|Any CPU
		{DFF1830F-F6EF-43E5-AE37-C220286F0EC5}.Ad-Hoc|x64.Build.0 = Release|Any CPU
		{DFF1830F-F6EF-43E5-AE37-C220286F0EC5}.Ad-Hoc|x64.Deploy.0 = Release|Any CPU
		{DFF1830F-F6EF-43E5-AE37-C220286F0EC5}.Ad-Hoc|x86.ActiveCfg = Release|Any CPU
		{DFF1830F-F6EF-43E5-AE37-C220286F0EC5}.Ad-Hoc|x86.Build.0 = Release|Any CPU
		{DFF1830F-F6EF-43E5-AE37-C220286F0EC5}.Ad-Hoc|x86.Deploy.0 = Release|Any CPU
		{DFF1830F-F6EF-43E5-AE37-C220286F0EC5}.AppStore|Any CPU.ActiveCfg = Release|Any CPU
		{DFF1830F-F6EF-43E5-AE37-C220286F0EC5}.AppStore|Any CPU.Build.0 = Release|Any CPU
		{DFF1830F-F6EF-43E5-AE37-C220286F0EC5}.AppStore|Any CPU.Deploy.0 = Release|Any CPU
		{DFF1830F-F6EF-43E5-AE37-C220286F0EC5}.AppStore|ARM.ActiveCfg = Release|Any CPU
		{DFF1830F-F6EF-43E5-AE37-C220286F0EC5}.AppStore|ARM.Build.0 = Release|Any CPU
		{DFF1830F-F6EF-43E5-AE37-C220286F0EC5}.AppStore|ARM.Deploy.0 = Release|Any CPU
		{DFF1830F-F6EF-43E5-AE37-C220286F0EC5}.AppStore|iPhone.ActiveCfg = Release|Any CPU
		{DFF1830F-F6EF-43E5-AE37-C220286F0EC5}.AppStore|iPhone.Build.0 = Release|Any CPU
		{DFF1830F-F6EF-43E5-AE37-C220286F0EC5}.AppStore|iPhone.Deploy.0 = Release|Any CPU
		{DFF1830F-F6EF-43E5-AE37-C220286F0EC5}.AppStore|iPhoneSimulator.ActiveCfg = Release|Any CPU
		{DFF1830F-F6EF-43E5-AE37-C220286F0EC5}.AppStore|iPhoneSimulator.Build.0 = Release|Any CPU
		{DFF1830F-F6EF-43E5-AE37-C220286F0EC5}.AppStore|iPhoneSimulator.Deploy.0 = Release|Any CPU
		{DFF1830F-F6EF-43E5-AE37-C220286F0EC5}.AppStore|x64.ActiveCfg = Release|Any CPU
		{DFF1830F-F6EF-43E5-AE37-C220286F0EC5}.AppStore|x64.Build.0 = Release|Any CPU
		{DFF1830F-F6EF-43E5-AE37-C220286F0EC5}.AppStore|x64.Deploy.0 = Release|Any CPU
		{DFF1830F-F6EF-43E5-AE37-C220286F0EC5}.AppStore|x86.ActiveCfg = Release|Any CPU
		{DFF1830F-F6EF-43E5-AE37-C220286F0EC5}.AppStore|x86.Build.0 = Release|Any CPU
		{DFF1830F-F6EF-43E5-AE37-C220286F0EC5}.AppStore|x86.Deploy.0 = Release|Any CPU
		{DFF1830F-F6EF-43E5-AE37-C220286F0EC5}.Debug|Any CPU.ActiveCfg = Debug|Any CPU
		{DFF1830F-F6EF-43E5-AE37-C220286F0EC5}.Debug|Any CPU.Build.0 = Debug|Any CPU
		{DFF1830F-F6EF-43E5-AE37-C220286F0EC5}.Debug|Any CPU.Deploy.0 = Debug|Any CPU
		{DFF1830F-F6EF-43E5-AE37-C220286F0EC5}.Debug|ARM.ActiveCfg = Debug|Any CPU
		{DFF1830F-F6EF-43E5-AE37-C220286F0EC5}.Debug|ARM.Build.0 = Debug|Any CPU
		{DFF1830F-F6EF-43E5-AE37-C220286F0EC5}.Debug|ARM.Deploy.0 = Debug|Any CPU
		{DFF1830F-F6EF-43E5-AE37-C220286F0EC5}.Debug|iPhone.ActiveCfg = Debug|Any CPU
		{DFF1830F-F6EF-43E5-AE37-C220286F0EC5}.Debug|iPhone.Build.0 = Debug|Any CPU
		{DFF1830F-F6EF-43E5-AE37-C220286F0EC5}.Debug|iPhone.Deploy.0 = Debug|Any CPU
		{DFF1830F-F6EF-43E5-AE37-C220286F0EC5}.Debug|iPhoneSimulator.ActiveCfg = Debug|Any CPU
		{DFF1830F-F6EF-43E5-AE37-C220286F0EC5}.Debug|iPhoneSimulator.Build.0 = Debug|Any CPU
		{DFF1830F-F6EF-43E5-AE37-C220286F0EC5}.Debug|iPhoneSimulator.Deploy.0 = Debug|Any CPU
		{DFF1830F-F6EF-43E5-AE37-C220286F0EC5}.Debug|x64.ActiveCfg = Debug|Any CPU
		{DFF1830F-F6EF-43E5-AE37-C220286F0EC5}.Debug|x64.Build.0 = Debug|Any CPU
		{DFF1830F-F6EF-43E5-AE37-C220286F0EC5}.Debug|x64.Deploy.0 = Debug|Any CPU
		{DFF1830F-F6EF-43E5-AE37-C220286F0EC5}.Debug|x86.ActiveCfg = Debug|Any CPU
		{DFF1830F-F6EF-43E5-AE37-C220286F0EC5}.Debug|x86.Build.0 = Debug|Any CPU
		{DFF1830F-F6EF-43E5-AE37-C220286F0EC5}.Debug|x86.Deploy.0 = Debug|Any CPU
		{DFF1830F-F6EF-43E5-AE37-C220286F0EC5}.Release|Any CPU.ActiveCfg = Release|Any CPU
		{DFF1830F-F6EF-43E5-AE37-C220286F0EC5}.Release|Any CPU.Build.0 = Release|Any CPU
		{DFF1830F-F6EF-43E5-AE37-C220286F0EC5}.Release|Any CPU.Deploy.0 = Release|Any CPU
		{DFF1830F-F6EF-43E5-AE37-C220286F0EC5}.Release|ARM.ActiveCfg = Release|Any CPU
		{DFF1830F-F6EF-43E5-AE37-C220286F0EC5}.Release|ARM.Build.0 = Release|Any CPU
		{DFF1830F-F6EF-43E5-AE37-C220286F0EC5}.Release|ARM.Deploy.0 = Release|Any CPU
		{DFF1830F-F6EF-43E5-AE37-C220286F0EC5}.Release|iPhone.ActiveCfg = Release|Any CPU
		{DFF1830F-F6EF-43E5-AE37-C220286F0EC5}.Release|iPhone.Build.0 = Release|Any CPU
		{DFF1830F-F6EF-43E5-AE37-C220286F0EC5}.Release|iPhone.Deploy.0 = Release|Any CPU
		{DFF1830F-F6EF-43E5-AE37-C220286F0EC5}.Release|iPhoneSimulator.ActiveCfg = Release|Any CPU
		{DFF1830F-F6EF-43E5-AE37-C220286F0EC5}.Release|iPhoneSimulator.Build.0 = Release|Any CPU
		{DFF1830F-F6EF-43E5-AE37-C220286F0EC5}.Release|iPhoneSimulator.Deploy.0 = Release|Any CPU
		{DFF1830F-F6EF-43E5-AE37-C220286F0EC5}.Release|x64.ActiveCfg = Release|Any CPU
		{DFF1830F-F6EF-43E5-AE37-C220286F0EC5}.Release|x64.Build.0 = Release|Any CPU
		{DFF1830F-F6EF-43E5-AE37-C220286F0EC5}.Release|x64.Deploy.0 = Release|Any CPU
		{DFF1830F-F6EF-43E5-AE37-C220286F0EC5}.Release|x86.ActiveCfg = Release|Any CPU
		{DFF1830F-F6EF-43E5-AE37-C220286F0EC5}.Release|x86.Build.0 = Release|Any CPU
		{DFF1830F-F6EF-43E5-AE37-C220286F0EC5}.Release|x86.Deploy.0 = Release|Any CPU
		{2AC1E7AE-2D5E-47AD-9FC6-91AB10EB8AE2}.Ad-Hoc|Any CPU.ActiveCfg = Ad-Hoc|iPhone
		{2AC1E7AE-2D5E-47AD-9FC6-91AB10EB8AE2}.Ad-Hoc|ARM.ActiveCfg = Ad-Hoc|iPhone
		{2AC1E7AE-2D5E-47AD-9FC6-91AB10EB8AE2}.Ad-Hoc|iPhone.ActiveCfg = Ad-Hoc|iPhone
		{2AC1E7AE-2D5E-47AD-9FC6-91AB10EB8AE2}.Ad-Hoc|iPhone.Build.0 = Ad-Hoc|iPhone
		{2AC1E7AE-2D5E-47AD-9FC6-91AB10EB8AE2}.Ad-Hoc|iPhoneSimulator.ActiveCfg = Ad-Hoc|iPhoneSimulator
		{2AC1E7AE-2D5E-47AD-9FC6-91AB10EB8AE2}.Ad-Hoc|iPhoneSimulator.Build.0 = Ad-Hoc|iPhoneSimulator
		{2AC1E7AE-2D5E-47AD-9FC6-91AB10EB8AE2}.Ad-Hoc|x64.ActiveCfg = Ad-Hoc|iPhone
		{2AC1E7AE-2D5E-47AD-9FC6-91AB10EB8AE2}.Ad-Hoc|x86.ActiveCfg = Ad-Hoc|iPhone
		{2AC1E7AE-2D5E-47AD-9FC6-91AB10EB8AE2}.AppStore|Any CPU.ActiveCfg = AppStore|iPhone
		{2AC1E7AE-2D5E-47AD-9FC6-91AB10EB8AE2}.AppStore|ARM.ActiveCfg = AppStore|iPhone
		{2AC1E7AE-2D5E-47AD-9FC6-91AB10EB8AE2}.AppStore|iPhone.ActiveCfg = AppStore|iPhone
		{2AC1E7AE-2D5E-47AD-9FC6-91AB10EB8AE2}.AppStore|iPhone.Build.0 = AppStore|iPhone
		{2AC1E7AE-2D5E-47AD-9FC6-91AB10EB8AE2}.AppStore|iPhoneSimulator.ActiveCfg = AppStore|iPhoneSimulator
		{2AC1E7AE-2D5E-47AD-9FC6-91AB10EB8AE2}.AppStore|iPhoneSimulator.Build.0 = AppStore|iPhoneSimulator
		{2AC1E7AE-2D5E-47AD-9FC6-91AB10EB8AE2}.AppStore|x64.ActiveCfg = AppStore|iPhone
		{2AC1E7AE-2D5E-47AD-9FC6-91AB10EB8AE2}.AppStore|x86.ActiveCfg = AppStore|iPhone
		{2AC1E7AE-2D5E-47AD-9FC6-91AB10EB8AE2}.Debug|Any CPU.ActiveCfg = Debug|iPhone
		{2AC1E7AE-2D5E-47AD-9FC6-91AB10EB8AE2}.Debug|ARM.ActiveCfg = Debug|iPhone
		{2AC1E7AE-2D5E-47AD-9FC6-91AB10EB8AE2}.Debug|iPhone.ActiveCfg = Debug|iPhone
		{2AC1E7AE-2D5E-47AD-9FC6-91AB10EB8AE2}.Debug|iPhone.Build.0 = Debug|iPhone
		{2AC1E7AE-2D5E-47AD-9FC6-91AB10EB8AE2}.Debug|iPhoneSimulator.ActiveCfg = Debug|iPhoneSimulator
		{2AC1E7AE-2D5E-47AD-9FC6-91AB10EB8AE2}.Debug|iPhoneSimulator.Build.0 = Debug|iPhoneSimulator
		{2AC1E7AE-2D5E-47AD-9FC6-91AB10EB8AE2}.Debug|x64.ActiveCfg = Debug|iPhone
		{2AC1E7AE-2D5E-47AD-9FC6-91AB10EB8AE2}.Debug|x86.ActiveCfg = Debug|iPhone
		{2AC1E7AE-2D5E-47AD-9FC6-91AB10EB8AE2}.Release|Any CPU.ActiveCfg = Release|iPhone
		{2AC1E7AE-2D5E-47AD-9FC6-91AB10EB8AE2}.Release|ARM.ActiveCfg = Release|iPhone
		{2AC1E7AE-2D5E-47AD-9FC6-91AB10EB8AE2}.Release|iPhone.ActiveCfg = Release|iPhone
		{2AC1E7AE-2D5E-47AD-9FC6-91AB10EB8AE2}.Release|iPhone.Build.0 = Release|iPhone
		{2AC1E7AE-2D5E-47AD-9FC6-91AB10EB8AE2}.Release|iPhoneSimulator.ActiveCfg = Release|iPhoneSimulator
		{2AC1E7AE-2D5E-47AD-9FC6-91AB10EB8AE2}.Release|iPhoneSimulator.Build.0 = Release|iPhoneSimulator
		{2AC1E7AE-2D5E-47AD-9FC6-91AB10EB8AE2}.Release|x64.ActiveCfg = Release|iPhone
		{2AC1E7AE-2D5E-47AD-9FC6-91AB10EB8AE2}.Release|x86.ActiveCfg = Release|iPhone
		{8E1F4ABF-BB89-4BAC-B45E-90914556591F}.Ad-Hoc|Any CPU.ActiveCfg = Release|x64
		{8E1F4ABF-BB89-4BAC-B45E-90914556591F}.Ad-Hoc|Any CPU.Build.0 = Release|x64
		{8E1F4ABF-BB89-4BAC-B45E-90914556591F}.Ad-Hoc|Any CPU.Deploy.0 = Release|x64
		{8E1F4ABF-BB89-4BAC-B45E-90914556591F}.Ad-Hoc|ARM.ActiveCfg = Release|ARM
		{8E1F4ABF-BB89-4BAC-B45E-90914556591F}.Ad-Hoc|ARM.Build.0 = Release|ARM
		{8E1F4ABF-BB89-4BAC-B45E-90914556591F}.Ad-Hoc|ARM.Deploy.0 = Release|ARM
		{8E1F4ABF-BB89-4BAC-B45E-90914556591F}.Ad-Hoc|iPhone.ActiveCfg = Release|x64
		{8E1F4ABF-BB89-4BAC-B45E-90914556591F}.Ad-Hoc|iPhone.Build.0 = Release|x64
		{8E1F4ABF-BB89-4BAC-B45E-90914556591F}.Ad-Hoc|iPhone.Deploy.0 = Release|x64
		{8E1F4ABF-BB89-4BAC-B45E-90914556591F}.Ad-Hoc|iPhoneSimulator.ActiveCfg = Release|x64
		{8E1F4ABF-BB89-4BAC-B45E-90914556591F}.Ad-Hoc|iPhoneSimulator.Build.0 = Release|x64
		{8E1F4ABF-BB89-4BAC-B45E-90914556591F}.Ad-Hoc|iPhoneSimulator.Deploy.0 = Release|x64
		{8E1F4ABF-BB89-4BAC-B45E-90914556591F}.Ad-Hoc|x64.ActiveCfg = Release|x64
		{8E1F4ABF-BB89-4BAC-B45E-90914556591F}.Ad-Hoc|x64.Build.0 = Release|x64
		{8E1F4ABF-BB89-4BAC-B45E-90914556591F}.Ad-Hoc|x64.Deploy.0 = Release|x64
		{8E1F4ABF-BB89-4BAC-B45E-90914556591F}.Ad-Hoc|x86.ActiveCfg = Release|x86
		{8E1F4ABF-BB89-4BAC-B45E-90914556591F}.Ad-Hoc|x86.Build.0 = Release|x86
		{8E1F4ABF-BB89-4BAC-B45E-90914556591F}.Ad-Hoc|x86.Deploy.0 = Release|x86
		{8E1F4ABF-BB89-4BAC-B45E-90914556591F}.AppStore|Any CPU.ActiveCfg = Release|x64
		{8E1F4ABF-BB89-4BAC-B45E-90914556591F}.AppStore|Any CPU.Build.0 = Release|x64
		{8E1F4ABF-BB89-4BAC-B45E-90914556591F}.AppStore|Any CPU.Deploy.0 = Release|x64
		{8E1F4ABF-BB89-4BAC-B45E-90914556591F}.AppStore|ARM.ActiveCfg = Release|ARM
		{8E1F4ABF-BB89-4BAC-B45E-90914556591F}.AppStore|ARM.Build.0 = Release|ARM
		{8E1F4ABF-BB89-4BAC-B45E-90914556591F}.AppStore|ARM.Deploy.0 = Release|ARM
		{8E1F4ABF-BB89-4BAC-B45E-90914556591F}.AppStore|iPhone.ActiveCfg = Release|x64
		{8E1F4ABF-BB89-4BAC-B45E-90914556591F}.AppStore|iPhone.Build.0 = Release|x64
		{8E1F4ABF-BB89-4BAC-B45E-90914556591F}.AppStore|iPhone.Deploy.0 = Release|x64
		{8E1F4ABF-BB89-4BAC-B45E-90914556591F}.AppStore|iPhoneSimulator.ActiveCfg = Release|x64
		{8E1F4ABF-BB89-4BAC-B45E-90914556591F}.AppStore|iPhoneSimulator.Build.0 = Release|x64
		{8E1F4ABF-BB89-4BAC-B45E-90914556591F}.AppStore|iPhoneSimulator.Deploy.0 = Release|x64
		{8E1F4ABF-BB89-4BAC-B45E-90914556591F}.AppStore|x64.ActiveCfg = Release|x64
		{8E1F4ABF-BB89-4BAC-B45E-90914556591F}.AppStore|x64.Build.0 = Release|x64
		{8E1F4ABF-BB89-4BAC-B45E-90914556591F}.AppStore|x64.Deploy.0 = Release|x64
		{8E1F4ABF-BB89-4BAC-B45E-90914556591F}.AppStore|x86.ActiveCfg = Release|x86
		{8E1F4ABF-BB89-4BAC-B45E-90914556591F}.AppStore|x86.Build.0 = Release|x86
		{8E1F4ABF-BB89-4BAC-B45E-90914556591F}.AppStore|x86.Deploy.0 = Release|x86
		{8E1F4ABF-BB89-4BAC-B45E-90914556591F}.Debug|Any CPU.ActiveCfg = Debug|x86
		{8E1F4ABF-BB89-4BAC-B45E-90914556591F}.Debug|ARM.ActiveCfg = Debug|ARM
		{8E1F4ABF-BB89-4BAC-B45E-90914556591F}.Debug|ARM.Build.0 = Debug|ARM
		{8E1F4ABF-BB89-4BAC-B45E-90914556591F}.Debug|ARM.Deploy.0 = Debug|ARM
		{8E1F4ABF-BB89-4BAC-B45E-90914556591F}.Debug|iPhone.ActiveCfg = Debug|x86
		{8E1F4ABF-BB89-4BAC-B45E-90914556591F}.Debug|iPhoneSimulator.ActiveCfg = Debug|x86
		{8E1F4ABF-BB89-4BAC-B45E-90914556591F}.Debug|x64.ActiveCfg = Debug|x64
		{8E1F4ABF-BB89-4BAC-B45E-90914556591F}.Debug|x64.Build.0 = Debug|x64
		{8E1F4ABF-BB89-4BAC-B45E-90914556591F}.Debug|x64.Deploy.0 = Debug|x64
		{8E1F4ABF-BB89-4BAC-B45E-90914556591F}.Debug|x86.ActiveCfg = Debug|x86
		{8E1F4ABF-BB89-4BAC-B45E-90914556591F}.Debug|x86.Build.0 = Debug|x86
		{8E1F4ABF-BB89-4BAC-B45E-90914556591F}.Debug|x86.Deploy.0 = Debug|x86
		{8E1F4ABF-BB89-4BAC-B45E-90914556591F}.Release|Any CPU.ActiveCfg = Release|x86
		{8E1F4ABF-BB89-4BAC-B45E-90914556591F}.Release|ARM.ActiveCfg = Release|ARM
		{8E1F4ABF-BB89-4BAC-B45E-90914556591F}.Release|ARM.Build.0 = Release|ARM
		{8E1F4ABF-BB89-4BAC-B45E-90914556591F}.Release|ARM.Deploy.0 = Release|ARM
		{8E1F4ABF-BB89-4BAC-B45E-90914556591F}.Release|iPhone.ActiveCfg = Release|x86
		{8E1F4ABF-BB89-4BAC-B45E-90914556591F}.Release|iPhoneSimulator.ActiveCfg = Release|x86
		{8E1F4ABF-BB89-4BAC-B45E-90914556591F}.Release|x64.ActiveCfg = Release|x64
		{8E1F4ABF-BB89-4BAC-B45E-90914556591F}.Release|x64.Build.0 = Release|x64
		{8E1F4ABF-BB89-4BAC-B45E-90914556591F}.Release|x64.Deploy.0 = Release|x64
		{8E1F4ABF-BB89-4BAC-B45E-90914556591F}.Release|x86.ActiveCfg = Release|x86
		{8E1F4ABF-BB89-4BAC-B45E-90914556591F}.Release|x86.Build.0 = Release|x86
		{8E1F4ABF-BB89-4BAC-B45E-90914556591F}.Release|x86.Deploy.0 = Release|x86
		{8497B4DA-F77C-4C34-823F-287070B63753}.Ad-Hoc|Any CPU.ActiveCfg = Debug|Any CPU
		{8497B4DA-F77C-4C34-823F-287070B63753}.Ad-Hoc|Any CPU.Build.0 = Debug|Any CPU
		{8497B4DA-F77C-4C34-823F-287070B63753}.Ad-Hoc|ARM.ActiveCfg = Debug|Any CPU
		{8497B4DA-F77C-4C34-823F-287070B63753}.Ad-Hoc|ARM.Build.0 = Debug|Any CPU
		{8497B4DA-F77C-4C34-823F-287070B63753}.Ad-Hoc|iPhone.ActiveCfg = Debug|Any CPU
		{8497B4DA-F77C-4C34-823F-287070B63753}.Ad-Hoc|iPhone.Build.0 = Debug|Any CPU
		{8497B4DA-F77C-4C34-823F-287070B63753}.Ad-Hoc|iPhoneSimulator.ActiveCfg = Debug|Any CPU
		{8497B4DA-F77C-4C34-823F-287070B63753}.Ad-Hoc|iPhoneSimulator.Build.0 = Debug|Any CPU
		{8497B4DA-F77C-4C34-823F-287070B63753}.Ad-Hoc|x64.ActiveCfg = Debug|Any CPU
		{8497B4DA-F77C-4C34-823F-287070B63753}.Ad-Hoc|x64.Build.0 = Debug|Any CPU
		{8497B4DA-F77C-4C34-823F-287070B63753}.Ad-Hoc|x86.ActiveCfg = Debug|Any CPU
		{8497B4DA-F77C-4C34-823F-287070B63753}.Ad-Hoc|x86.Build.0 = Debug|Any CPU
		{8497B4DA-F77C-4C34-823F-287070B63753}.AppStore|Any CPU.ActiveCfg = Debug|Any CPU
		{8497B4DA-F77C-4C34-823F-287070B63753}.AppStore|Any CPU.Build.0 = Debug|Any CPU
		{8497B4DA-F77C-4C34-823F-287070B63753}.AppStore|ARM.ActiveCfg = Debug|Any CPU
		{8497B4DA-F77C-4C34-823F-287070B63753}.AppStore|ARM.Build.0 = Debug|Any CPU
		{8497B4DA-F77C-4C34-823F-287070B63753}.AppStore|iPhone.ActiveCfg = Debug|Any CPU
		{8497B4DA-F77C-4C34-823F-287070B63753}.AppStore|iPhone.Build.0 = Debug|Any CPU
		{8497B4DA-F77C-4C34-823F-287070B63753}.AppStore|iPhoneSimulator.ActiveCfg = Debug|Any CPU
		{8497B4DA-F77C-4C34-823F-287070B63753}.AppStore|iPhoneSimulator.Build.0 = Debug|Any CPU
		{8497B4DA-F77C-4C34-823F-287070B63753}.AppStore|x64.ActiveCfg = Debug|Any CPU
		{8497B4DA-F77C-4C34-823F-287070B63753}.AppStore|x64.Build.0 = Debug|Any CPU
		{8497B4DA-F77C-4C34-823F-287070B63753}.AppStore|x86.ActiveCfg = Debug|Any CPU
		{8497B4DA-F77C-4C34-823F-287070B63753}.AppStore|x86.Build.0 = Debug|Any CPU
		{8497B4DA-F77C-4C34-823F-287070B63753}.Debug|Any CPU.ActiveCfg = Debug|Any CPU
		{8497B4DA-F77C-4C34-823F-287070B63753}.Debug|Any CPU.Build.0 = Debug|Any CPU
		{8497B4DA-F77C-4C34-823F-287070B63753}.Debug|ARM.ActiveCfg = Debug|Any CPU
		{8497B4DA-F77C-4C34-823F-287070B63753}.Debug|ARM.Build.0 = Debug|Any CPU
		{8497B4DA-F77C-4C34-823F-287070B63753}.Debug|iPhone.ActiveCfg = Debug|Any CPU
		{8497B4DA-F77C-4C34-823F-287070B63753}.Debug|iPhone.Build.0 = Debug|Any CPU
		{8497B4DA-F77C-4C34-823F-287070B63753}.Debug|iPhoneSimulator.ActiveCfg = Debug|Any CPU
		{8497B4DA-F77C-4C34-823F-287070B63753}.Debug|iPhoneSimulator.Build.0 = Debug|Any CPU
		{8497B4DA-F77C-4C34-823F-287070B63753}.Debug|x64.ActiveCfg = Debug|Any CPU
		{8497B4DA-F77C-4C34-823F-287070B63753}.Debug|x64.Build.0 = Debug|Any CPU
		{8497B4DA-F77C-4C34-823F-287070B63753}.Debug|x86.ActiveCfg = Debug|Any CPU
		{8497B4DA-F77C-4C34-823F-287070B63753}.Debug|x86.Build.0 = Debug|Any CPU
		{8497B4DA-F77C-4C34-823F-287070B63753}.Release|Any CPU.ActiveCfg = Release|Any CPU
		{8497B4DA-F77C-4C34-823F-287070B63753}.Release|Any CPU.Build.0 = Release|Any CPU
		{8497B4DA-F77C-4C34-823F-287070B63753}.Release|ARM.ActiveCfg = Release|Any CPU
		{8497B4DA-F77C-4C34-823F-287070B63753}.Release|ARM.Build.0 = Release|Any CPU
		{8497B4DA-F77C-4C34-823F-287070B63753}.Release|iPhone.ActiveCfg = Release|Any CPU
		{8497B4DA-F77C-4C34-823F-287070B63753}.Release|iPhone.Build.0 = Release|Any CPU
		{8497B4DA-F77C-4C34-823F-287070B63753}.Release|iPhoneSimulator.ActiveCfg = Release|Any CPU
		{8497B4DA-F77C-4C34-823F-287070B63753}.Release|iPhoneSimulator.Build.0 = Release|Any CPU
		{8497B4DA-F77C-4C34-823F-287070B63753}.Release|x64.ActiveCfg = Release|Any CPU
		{8497B4DA-F77C-4C34-823F-287070B63753}.Release|x64.Build.0 = Release|Any CPU
		{8497B4DA-F77C-4C34-823F-287070B63753}.Release|x86.ActiveCfg = Release|Any CPU
		{8497B4DA-F77C-4C34-823F-287070B63753}.Release|x86.Build.0 = Release|Any CPU
	EndGlobalSection
	GlobalSection(SolutionProperties) = preSolution
		HideSolutionNode = FALSE
	EndGlobalSection
	GlobalSection(ExtensibilityGlobals) = postSolution
		SolutionGuid = {D5D13A37-4CB9-4072-BED9-7C06BD2BC262}
	EndGlobalSection
EndGlobal
